{
  "name": "xrpl-dex",
  "version": "1.0.0",
  "lockfileVersion": 3,
  "requires": true,
  "packages": {
    "": {
      "name": "xrpl-dex",
      "version": "1.0.0",
      "license": "MIT",
      "dependencies": {
        "ripple-binary-codec": "^2.1.0",
        "xrpl": "^4.0.0"
      }
    },
    "node_modules/@noble/curves": {
      "version": "1.6.0",
      "resolved": "https://registry.npmjs.org/@noble/curves/-/curves-1.6.0.tgz",
      "integrity": "sha512-TlaHRXDehJuRNR9TfZDNQ45mMEd5dwUwmicsafcIX4SsNiqnCHKjE/1alYPd/lDRVhxdhUAlv8uEhMCI5zjIJQ==",
      "license": "MIT",
      "dependencies": {
        "@noble/hashes": "1.5.0"
      },
      "engines": {
        "node": "^14.21.3 || >=16"
      },
      "funding": {
        "url": "https://paulmillr.com/funding/"
      }
    },
    "node_modules/@noble/hashes": {
      "version": "1.5.0",
      "resolved": "https://registry.npmjs.org/@noble/hashes/-/hashes-1.5.0.tgz",
      "integrity": "sha512-1j6kQFb7QRru7eKN3ZDvRcP13rugwdxZqCjbiAVZfIJwgj2A65UmT4TgARXGlXgnRkORLTDTrO19ZErt7+QXgA==",
      "license": "MIT",
      "engines": {
        "node": "^14.21.3 || >=16"
      },
      "funding": {
        "url": "https://paulmillr.com/funding/"
      }
    },
    "node_modules/@scure/base": {
      "version": "1.1.9",
      "resolved": "https://registry.npmjs.org/@scure/base/-/base-1.1.9.tgz",
      "integrity": "sha512-8YKhl8GHiNI/pU2VMaofa2Tor7PJRAjwQLBBuilkJ9L5+13yVbC7JO/wS7piioAvPSwR3JKM1IJ/u4xQzbcXKg==",
      "license": "MIT",
      "funding": {
        "url": "https://paulmillr.com/funding/"
      }
    },
    "node_modules/@scure/bip32": {
      "version": "1.5.0",
      "resolved": "https://registry.npmjs.org/@scure/bip32/-/bip32-1.5.0.tgz",
      "integrity": "sha512-8EnFYkqEQdnkuGBVpCzKxyIwDCBLDVj3oiX0EKUFre/tOjL/Hqba1D6n/8RcmaQy4f95qQFrO2A8Sr6ybh4NRw==",
      "license": "MIT",
      "dependencies": {
        "@noble/curves": "~1.6.0",
        "@noble/hashes": "~1.5.0",
        "@scure/base": "~1.1.7"
      },
      "funding": {
        "url": "https://paulmillr.com/funding/"
      }
    },
    "node_modules/@scure/bip39": {
      "version": "1.4.0",
      "resolved": "https://registry.npmjs.org/@scure/bip39/-/bip39-1.4.0.tgz",
      "integrity": "sha512-BEEm6p8IueV/ZTfQLp/0vhw4NPnT9oWf5+28nvmeUICjP99f4vr2d+qc7AVGDDtwRep6ifR43Yed9ERVmiITzw==",
      "license": "MIT",
      "dependencies": {
        "@noble/hashes": "~1.5.0",
        "@scure/base": "~1.1.8"
      },
      "funding": {
        "url": "https://paulmillr.com/funding/"
      }
    },
    "node_modules/@xrplf/isomorphic": {
      "version": "1.0.1",
      "resolved": "https://registry.npmjs.org/@xrplf/isomorphic/-/isomorphic-1.0.1.tgz",
      "integrity": "sha512-0bIpgx8PDjYdrLFeC3csF305QQ1L7sxaWnL5y71mCvhenZzJgku9QsA+9QCXBC1eNYtxWO/xR91zrXJy2T/ixg==",
      "dependencies": {
        "@noble/hashes": "^1.0.0",
        "eventemitter3": "5.0.1",
        "ws": "^8.13.0"
      },
      "engines": {
        "node": ">=16.0.0"
      }
    },
    "node_modules/@xrplf/secret-numbers": {
      "version": "1.0.0",
      "resolved": "https://registry.npmjs.org/@xrplf/secret-numbers/-/secret-numbers-1.0.0.tgz",
      "integrity": "sha512-qsCLGyqe1zaq9j7PZJopK+iGTGRbk6akkg6iZXJJgxKwck0C5x5Gnwlb1HKYGOwPKyrXWpV6a2YmcpNpUFctGg==",
      "license": "ISC",
      "dependencies": {
        "@xrplf/isomorphic": "^1.0.0",
        "ripple-keypairs": "^2.0.0"
      }
    },
    "node_modules/bignumber.js": {
      "version": "9.1.2",
      "resolved": "https://registry.npmjs.org/bignumber.js/-/bignumber.js-9.1.2.tgz",
      "integrity": "sha512-2/mKyZH9K85bzOEfhXDBFZTGd1CTs+5IHpeFQo9luiBG7hghdC851Pj2WAhb6E3R6b9tZj/XKhbg4fum+Kepug==",
      "engines": {
        "node": "*"
      }
    },
    "node_modules/eventemitter3": {
      "version": "5.0.1",
      "resolved": "https://registry.npmjs.org/eventemitter3/-/eventemitter3-5.0.1.tgz",
      "integrity": "sha512-GWkBvjiSZK87ELrYOSESUYeVIc9mvLLf/nXalMOS5dYrgZq9o5OVkbZAVM06CVxYsCwH9BDZFPlQTlPA1j4ahA=="
    },
    "node_modules/ripple-address-codec": {
      "version": "5.0.0",
      "resolved": "https://registry.npmjs.org/ripple-address-codec/-/ripple-address-codec-5.0.0.tgz",
      "integrity": "sha512-de7osLRH/pt5HX2xw2TRJtbdLLWHu0RXirpQaEeCnWKY5DYHykh3ETSkofvm0aX0LJiV7kwkegJxQkmbO94gWw==",
      "dependencies": {
        "@scure/base": "^1.1.3",
        "@xrplf/isomorphic": "^1.0.0"
      },
      "engines": {
        "node": ">= 16"
      }
    },
    "node_modules/ripple-binary-codec": {
      "version": "2.1.0",
      "resolved": "https://registry.npmjs.org/ripple-binary-codec/-/ripple-binary-codec-2.1.0.tgz",
      "integrity": "sha512-q0GAx+hj3UVcDbhXVjk7qeNfgUMehlElYJwiCuIBwqs/51GVTOwLr39Ht3eNsX5ow2xPRaC5mqHwcFDvLRm6cA==",
      "dependencies": {
        "@xrplf/isomorphic": "^1.0.1",
        "bignumber.js": "^9.0.0",
        "ripple-address-codec": "^5.0.0"
      },
      "engines": {
        "node": ">= 16"
      }
    },
    "node_modules/ripple-keypairs": {
      "version": "2.0.0",
      "resolved": "https://registry.npmjs.org/ripple-keypairs/-/ripple-keypairs-2.0.0.tgz",
      "integrity": "sha512-b5rfL2EZiffmklqZk1W+dvSy97v3V/C7936WxCCgDynaGPp7GE6R2XO7EU9O2LlM/z95rj870IylYnOQs+1Rag==",
      "license": "ISC",
      "dependencies": {
        "@noble/curves": "^1.0.0",
        "@xrplf/isomorphic": "^1.0.0",
        "ripple-address-codec": "^5.0.0"
      },
      "engines": {
        "node": ">= 16"
      }
    },
    "node_modules/ws": {
      "version": "8.18.0",
      "resolved": "https://registry.npmjs.org/ws/-/ws-8.18.0.tgz",
      "integrity": "sha512-8VbfWfHLbbwu3+N6OKsOMpBdT4kXPDDB9cJk2bJ6mh9ucxdlnNvH1e+roYkKmN9Nxw2yjz7VzeO9oOz2zJ04Pw==",
      "engines": {
        "node": ">=10.0.0"
      },
      "peerDependencies": {
        "bufferutil": "^4.0.1",
        "utf-8-validate": ">=5.0.2"
      },
      "peerDependenciesMeta": {
        "bufferutil": {
          "optional": true
        },
        "utf-8-validate": {
          "optional": true
        }
      }
    },
    "node_modules/xrpl": {
      "version": "4.0.0",
      "resolved": "https://registry.npmjs.org/xrpl/-/xrpl-4.0.0.tgz",
      "integrity": "sha512-VZm1lQWHQ6PheAAFGdH+ISXKvqB2hZDQ0w4ZcdAEtmqZQXtSIVQHOKPz95rEgGANbos7+XClxJ73++joPhA8Cw==",
      "license": "ISC",
      "dependencies": {
        "@scure/bip32": "^1.3.1",
        "@scure/bip39": "^1.2.1",
        "@xrplf/isomorphic": "^1.0.1",
        "@xrplf/secret-numbers": "^1.0.0",
        "bignumber.js": "^9.0.0",
        "eventemitter3": "^5.0.1",
        "ripple-address-codec": "^5.0.0",
        "ripple-binary-codec": "^2.1.0",
        "ripple-keypairs": "^2.0.0"
      },
      "engines": {
        "node": ">=18.0.0"
      }
    }
  }
}
