lockfileVersion: '9.0'

settings:
  autoInstallPeers: true
  excludeLinksFromLockfile: false

importers:

  .:
    dependencies:
      stream:
        specifier: ^0.0.3
        version: 0.0.3
      stream-json:
        specifier: ^1.9.1
        version: 1.9.1

packages:

  component-emitter@2.0.0:
    resolution: {integrity: sha512-4m5s3Me2xxlVKG9PkZpQqHQR7bgpnN7joDMJ4yvVkVXngjoITG76IaZmzmywSeRTeTpc6N6r3H3+KyUurV8OYw==}
    engines: {node: '>=18'}

  stream-chain@2.2.5:
    resolution: {integrity: sha512-1TJmBx6aSWqZ4tx7aTpBDXK0/e2hhcNSTV8+CbFJtDjbb+I1mZ8lHit0Grw9GRT+6JbIrrDd8esncgBi8aBXGA==}

  stream-json@1.9.1:
    resolution: {integrity: sha512-uWkjJ+2Nt/LO9Z/JyKZbMusL8Dkh97uUBTv3AJQ74y07lVahLY4eEFsPsE97pxYBwr8nnjMAIch5eqI0gPShyw==}

  stream@0.0.3:
    resolution: {integrity: sha512-aMsbn7VKrl4A2T7QAQQbzgN7NVc70vgF5INQrBXqn4dCXN1zy3L9HGgLO5s7PExmdrzTJ8uR/27aviW8or8/+A==}

snapshots:

  component-emitter@2.0.0: {}

  stream-chain@2.2.5: {}

  stream-json@1.9.1:
    dependencies:
      stream-chain: 2.2.5

  stream@0.0.3:
    dependencies:
      component-emitter: 2.0.0
